
Microsoft Visual Studio Solution File, Format Version 12.00
# Visual Studio Version 17
VisualStudioVersion = 17.0.31903.59
MinimumVisualStudioVersion = 10.0.40219.1
Project("{9A19103F-16F7-4668-BE54-9A1E7A4F7556}") = "RulesEngine", "RulesEngine\RulesEngine.csproj", "{B8F668FA-A94A-48AC-ADA0-2355E1EB4678}"
EndProject
Project("{FAE04EC0-301F-11D3-BF4B-00C04F79EFBC}") = "RulesEngine.Tests", "RulesEngine.Tests\RulesEngine.Tests.csproj", "{A65785F1-E080-4373-8613-3BBE241E9D37}"
EndProject
Project("{2150E333-8FDC-42A3-9474-1A3956D46DE8}") = "Solution Items", "Solution Items", "{261AAD66-118E-47C4-B458-E4D4C974114E}"
	ProjectSection(SolutionItems) = preProject
		.editorconfig = .editorconfig
		README.md = README.md
		LICENSE.md = LICENSE.md
	EndProjectSection
EndProject
Project("{FAE04EC0-301F-11D3-BF4B-00C04F79EFBC}") = "RulesEngine.Benchmark", "RulesEngine.Benchmark\RulesEngine.Benchmark.csproj", "{70E30E7A-9D08-4ECD-B8D1-616240E12946}"
EndProject
Global
	GlobalSection(SolutionConfigurationPlatforms) = preSolution
		Debug|Any CPU = Debug|Any CPU
		Release|Any CPU = Release|Any CPU
	EndGlobalSection
	GlobalSection(ProjectConfigurationPlatforms) = postSolution
		{B8F668FA-A94A-48AC-ADA0-2355E1EB4678}.Debug|Any CPU.ActiveCfg = Debug|Any CPU
		{B8F668FA-A94A-48AC-ADA0-2355E1EB4678}.Debug|Any CPU.Build.0 = Debug|Any CPU
		{B8F668FA-A94A-48AC-ADA0-2355E1EB4678}.Release|Any CPU.ActiveCfg = Release|Any CPU
		{B8F668FA-A94A-48AC-ADA0-2355E1EB4678}.Release|Any CPU.Build.0 = Release|Any CPU
		{A65785F1-E080-4373-8613-3BBE241E9D37}.Debug|Any CPU.ActiveCfg = Debug|Any CPU
		{A65785F1-E080-4373-8613-3BBE241E9D37}.Debug|Any CPU.Build.0 = Debug|Any CPU
		{A65785F1-E080-4373-8613-3BBE241E9D37}.Release|Any CPU.ActiveCfg = Release|Any CPU
		{A65785F1-E080-4373-8613-3BBE241E9D37}.Release|Any CPU.Build.0 = Release|Any CPU
		{70E30E7A-9D08-4ECD-B8D1-616240E12946}.Debug|Any CPU.ActiveCfg = Debug|Any CPU
		{70E30E7A-9D08-4ECD-B8D1-616240E12946}.Debug|Any CPU.Build.0 = Debug|Any CPU
		{70E30E7A-9D08-4ECD-B8D1-616240E12946}.Release|Any CPU.ActiveCfg = Release|Any CPU
		{70E30E7A-9D08-4ECD-B8D1-616240E12946}.Release|Any CPU.Build.0 = Release|Any CPU
	EndGlobalSection
	GlobalSection(SolutionProperties) = preSolution
		HideSolutionNode = FALSE
	EndGlobalSection
	GlobalSection(ExtensibilityGlobals) = postSolution
		SolutionGuid = {CBC01C65-4AE9-4BC0-9B83-A674256EA042}
	EndGlobalSection
EndGlobal
